// !$*UTF8*$!
{
	archiveVersion = 1;
	classes = {
	};
	objectVersion = 52;
	objects = {

/* Begin PBXBuildFile section */
		2287CD4325E81F0B00D07DE8 /* TestRedrawView.swift in Sources */ = {isa = PBXBuildFile; fileRef = 2287CD4225E81F0B00D07DE8 /* TestRedrawView.swift */; };
		2287CD4625E8249D00D07DE8 /* RedrawRoot.swift in Sources */ = {isa = PBXBuildFile; fileRef = 2287CD4525E8249D00D07DE8 /* RedrawRoot.swift */; };
		2287CD4925E82C5000D07DE8 /* RedrawComponents.swift in Sources */ = {isa = PBXBuildFile; fileRef = 2287CD4825E82C5000D07DE8 /* RedrawComponents.swift */; };
		2287CD4E25E8329B00D07DE8 /* List_VStack.swift in Sources */ = {isa = PBXBuildFile; fileRef = 2287CD4D25E8329B00D07DE8 /* List_VStack.swift */; };
		2287CD5525E833B200D07DE8 /* IntRow.swift in Sources */ = {isa = PBXBuildFile; fileRef = 2287CD5425E833B200D07DE8 /* IntRow.swift */; };
		2287CD5C25E8344500D07DE8 /* List_LazyVStack.swift in Sources */ = {isa = PBXBuildFile; fileRef = 2287CD5B25E8344500D07DE8 /* List_LazyVStack.swift */; };
		2287CD5F25E8347000D07DE8 /* List_List.swift in Sources */ = {isa = PBXBuildFile; fileRef = 2287CD5E25E8347000D07DE8 /* List_List.swift */; };
		2287CD6325E8372D00D07DE8 /* TestList.swift in Sources */ = {isa = PBXBuildFile; fileRef = 2287CD6225E8372D00D07DE8 /* TestList.swift */; };
		2287CD6625E83A9E00D07DE8 /* SimpleStringRow.swift in Sources */ = {isa = PBXBuildFile; fileRef = 2287CD6525E83A9E00D07DE8 /* SimpleStringRow.swift */; };
		2287CD6925E83D6C00D07DE8 /* SimpleStringRowEquatable.swift in Sources */ = {isa = PBXBuildFile; fileRef = 2287CD6825E83D6C00D07DE8 /* SimpleStringRowEquatable.swift */; };
		2287CD6C25E83F0700D07DE8 /* StringRowWithBinding.swift in Sources */ = {isa = PBXBuildFile; fileRef = 2287CD6B25E83F0700D07DE8 /* StringRowWithBinding.swift */; };
		2287CD6F25E83F2600D07DE8 /* StringRowWithBindingEquatable.swift in Sources */ = {isa = PBXBuildFile; fileRef = 2287CD6E25E83F2600D07DE8 /* StringRowWithBindingEquatable.swift */; };
		2287CD7D25E843F200D07DE8 /* LazyView.swift in Sources */ = {isa = PBXBuildFile; fileRef = 2287CD7C25E843F200D07DE8 /* LazyView.swift */; };
		2287CD8025E8448500D07DE8 /* MyCounter.swift in Sources */ = {isa = PBXBuildFile; fileRef = 2287CD7F25E8448500D07DE8 /* MyCounter.swift */; };
		2287CD8E25E8492600D07DE8 /* DrawingTest.swift in Sources */ = {isa = PBXBuildFile; fileRef = 2287CD8D25E8492600D07DE8 /* DrawingTest.swift */; };
		2296BC7525E6EC2C0007B587 /* ViewWithoutBindedState.swift in Sources */ = {isa = PBXBuildFile; fileRef = 2296BC7425E6EC2C0007B587 /* ViewWithoutBindedState.swift */; };
		2296BC7825E6EDB20007B587 /* SamplesView.swift in Sources */ = {isa = PBXBuildFile; fileRef = 2296BC7725E6EDB20007B587 /* SamplesView.swift */; };
		2296BC7C25E6F5600007B587 /* ViewWithBindedState.swift in Sources */ = {isa = PBXBuildFile; fileRef = 2296BC7B25E6F5600007B587 /* ViewWithBindedState.swift */; };
		2296BC8125E714800007B587 /* ViewWithBindedState2.swift in Sources */ = {isa = PBXBuildFile; fileRef = 2296BC8025E714800007B587 /* ViewWithBindedState2.swift */; };
		22ACAF8625F3B83A00965393 /* ViewWithoutBindedState2.swift in Sources */ = {isa = PBXBuildFile; fileRef = 22ACAF8525F3B83A00965393 /* ViewWithoutBindedState2.swift */; };
		22ACAF8B25F3D4D600965393 /* SwitchView.swift in Sources */ = {isa = PBXBuildFile; fileRef = 22ACAF8A25F3D4D500965393 /* SwitchView.swift */; };
		22F09E9F25E40B3F0023A807 /* PerformanceSwiftUIApp.swift in Sources */ = {isa = PBXBuildFile; fileRef = 22F09E9E25E40B3F0023A807 /* PerformanceSwiftUIApp.swift */; };
		22F09EA325E40B400023A807 /* Assets.xcassets in Resources */ = {isa = PBXBuildFile; fileRef = 22F09EA225E40B400023A807 /* Assets.xcassets */; };
		22F09EA625E40B400023A807 /* Preview Assets.xcassets in Resources */ = {isa = PBXBuildFile; fileRef = 22F09EA525E40B400023A807 /* Preview Assets.xcassets */; };
		22F09EC825E551090023A807 /* FPSCounter in Frameworks */ = {isa = PBXBuildFile; productRef = 22F09EC725E551090023A807 /* FPSCounter */; };
/* End PBXBuildFile section */

/* Begin PBXFileReference section */
		2287CD4225E81F0B00D07DE8 /* TestRedrawView.swift */ = {isa = PBXFileReference; lastKnownFileType = sourcecode.swift; path = TestRedrawView.swift; sourceTree = "<group>"; };
		2287CD4525E8249D00D07DE8 /* RedrawRoot.swift */ = {isa = PBXFileReference; lastKnownFileType = sourcecode.swift; path = RedrawRoot.swift; sourceTree = "<group>"; };
		2287CD4825E82C5000D07DE8 /* RedrawComponents.swift */ = {isa = PBXFileReference; lastKnownFileType = sourcecode.swift; path = RedrawComponents.swift; sourceTree = "<group>"; };
		2287CD4D25E8329B00D07DE8 /* List_VStack.swift */ = {isa = PBXFileReference; lastKnownFileType = sourcecode.swift; path = List_VStack.swift; sourceTree = "<group>"; };
		2287CD5425E833B200D07DE8 /* IntRow.swift */ = {isa = PBXFileReference; lastKnownFileType = sourcecode.swift; path = IntRow.swift; sourceTree = "<group>"; };
		2287CD5B25E8344500D07DE8 /* List_LazyVStack.swift */ = {isa = PBXFileReference; lastKnownFileType = sourcecode.swift; path = List_LazyVStack.swift; sourceTree = "<group>"; };
		2287CD5E25E8347000D07DE8 /* List_List.swift */ = {isa = PBXFileReference; lastKnownFileType = sourcecode.swift; path = List_List.swift; sourceTree = "<group>"; };
		2287CD6225E8372D00D07DE8 /* TestList.swift */ = {isa = PBXFileReference; lastKnownFileType = sourcecode.swift; path = TestList.swift; sourceTree = "<group>"; };
		2287CD6525E83A9E00D07DE8 /* SimpleStringRow.swift */ = {isa = PBXFileReference; lastKnownFileType = sourcecode.swift; path = SimpleStringRow.swift; sourceTree = "<group>"; };
		2287CD6825E83D6C00D07DE8 /* SimpleStringRowEquatable.swift */ = {isa = PBXFileReference; lastKnownFileType = sourcecode.swift; path = SimpleStringRowEquatable.swift; sourceTree = "<group>"; };
		2287CD6B25E83F0700D07DE8 /* StringRowWithBinding.swift */ = {isa = PBXFileReference; lastKnownFileType = sourcecode.swift; path = StringRowWithBinding.swift; sourceTree = "<group>"; };
		2287CD6E25E83F2600D07DE8 /* StringRowWithBindingEquatable.swift */ = {isa = PBXFileReference; lastKnownFileType = sourcecode.swift; path = StringRowWithBindingEquatable.swift; sourceTree = "<group>"; };
		2287CD7C25E843F200D07DE8 /* LazyView.swift */ = {isa = PBXFileReference; lastKnownFileType = sourcecode.swift; path = LazyView.swift; sourceTree = "<group>"; };
		2287CD7F25E8448500D07DE8 /* MyCounter.swift */ = {isa = PBXFileReference; lastKnownFileType = sourcecode.swift; path = MyCounter.swift; sourceTree = "<group>"; };
		2287CD8D25E8492600D07DE8 /* DrawingTest.swift */ = {isa = PBXFileReference; lastKnownFileType = sourcecode.swift; path = DrawingTest.swift; sourceTree = "<group>"; };
		2296BC7425E6EC2C0007B587 /* ViewWithoutBindedState.swift */ = {isa = PBXFileReference; lastKnownFileType = sourcecode.swift; path = ViewWithoutBindedState.swift; sourceTree = "<group>"; };
		2296BC7725E6EDB20007B587 /* SamplesView.swift */ = {isa = PBXFileReference; lastKnownFileType = sourcecode.swift; path = SamplesView.swift; sourceTree = "<group>"; };
		2296BC7B25E6F5600007B587 /* ViewWithBindedState.swift */ = {isa = PBXFileReference; lastKnownFileType = sourcecode.swift; path = ViewWithBindedState.swift; sourceTree = "<group>"; };
		2296BC8025E714800007B587 /* ViewWithBindedState2.swift */ = {isa = PBXFileReference; lastKnownFileType = sourcecode.swift; path = ViewWithBindedState2.swift; sourceTree = "<group>"; };
		22ACAF8525F3B83A00965393 /* ViewWithoutBindedState2.swift */ = {isa = PBXFileReference; lastKnownFileType = sourcecode.swift; path = ViewWithoutBindedState2.swift; sourceTree = "<group>"; };
		22ACAF8A25F3D4D500965393 /* SwitchView.swift */ = {isa = PBXFileReference; fileEncoding = 4; lastKnownFileType = sourcecode.swift; path = SwitchView.swift; sourceTree = "<group>"; };
		22F09E9B25E40B3F0023A807 /* PerformanceSwiftUI.app */ = {isa = PBXFileReference; explicitFileType = wrapper.application; includeInIndex = 0; path = PerformanceSwiftUI.app; sourceTree = BUILT_PRODUCTS_DIR; };
		22F09E9E25E40B3F0023A807 /* PerformanceSwiftUIApp.swift */ = {isa = PBXFileReference; lastKnownFileType = sourcecode.swift; path = PerformanceSwiftUIApp.swift; sourceTree = "<group>"; };
		22F09EA225E40B400023A807 /* Assets.xcassets */ = {isa = PBXFileReference; lastKnownFileType = folder.assetcatalog; path = Assets.xcassets; sourceTree = "<group>"; };
		22F09EA525E40B400023A807 /* Preview Assets.xcassets */ = {isa = PBXFileReference; lastKnownFileType = folder.assetcatalog; path = "Preview Assets.xcassets"; sourceTree = "<group>"; };
		22F09EA725E40B400023A807 /* Info.plist */ = {isa = PBXFileReference; lastKnownFileType = text.plist.xml; path = Info.plist; sourceTree = "<group>"; };
/* End PBXFileReference section */

/* Begin PBXFrameworksBuildPhase section */
		22F09E9825E40B3F0023A807 /* Frameworks */ = {
			isa = PBXFrameworksBuildPhase;
			buildActionMask = 2147483647;
			files = (
				22F09EC825E551090023A807 /* FPSCounter in Frameworks */,
			);
			runOnlyForDeploymentPostprocessing = 0;
		};
/* End PBXFrameworksBuildPhase section */

/* Begin PBXGroup section */
		2287CD6125E835A500D07DE8 /* Lists */ = {
			isa = PBXGroup;
			children = (
				2287CD5425E833B200D07DE8 /* IntRow.swift */,
				2287CD4D25E8329B00D07DE8 /* List_VStack.swift */,
				2287CD5B25E8344500D07DE8 /* List_LazyVStack.swift */,
				2287CD5E25E8347000D07DE8 /* List_List.swift */,
				2287CD6225E8372D00D07DE8 /* TestList.swift */,
				22ACAF8A25F3D4D500965393 /* SwitchView.swift */,
				2287CD6525E83A9E00D07DE8 /* SimpleStringRow.swift */,
				2287CD6825E83D6C00D07DE8 /* SimpleStringRowEquatable.swift */,
				2287CD6B25E83F0700D07DE8 /* StringRowWithBinding.swift */,
				2287CD6E25E83F2600D07DE8 /* StringRowWithBindingEquatable.swift */,
			);
			path = Lists;
			sourceTree = "<group>";
		};
		2287CD7B25E843E700D07DE8 /* Helpers */ = {
			isa = PBXGroup;
			children = (
				2287CD7C25E843F200D07DE8 /* LazyView.swift */,
			);
			path = Helpers;
			sourceTree = "<group>";
		};
		22F09E9225E40B3F0023A807 = {
			isa = PBXGroup;
			children = (
				22F09E9D25E40B3F0023A807 /* PerformanceSwiftUI */,
				22F09E9C25E40B3F0023A807 /* Products */,
			);
			sourceTree = "<group>";
		};
		22F09E9C25E40B3F0023A807 /* Products */ = {
			isa = PBXGroup;
			children = (
				22F09E9B25E40B3F0023A807 /* PerformanceSwiftUI.app */,
			);
			name = Products;
			sourceTree = "<group>";
		};
		22F09E9D25E40B3F0023A807 /* PerformanceSwiftUI */ = {
			isa = PBXGroup;
			children = (
				22F09E9E25E40B3F0023A807 /* PerformanceSwiftUIApp.swift */,
				2287CD7B25E843E700D07DE8 /* Helpers */,
				22F09EA225E40B400023A807 /* Assets.xcassets */,
				22F09EA725E40B400023A807 /* Info.plist */,
				22F09EA425E40B400023A807 /* Preview Content */,
				2296BC7725E6EDB20007B587 /* SamplesView.swift */,
				2296BC7425E6EC2C0007B587 /* ViewWithoutBindedState.swift */,
				22ACAF8525F3B83A00965393 /* ViewWithoutBindedState2.swift */,
				2296BC7B25E6F5600007B587 /* ViewWithBindedState.swift */,
				2296BC8025E714800007B587 /* ViewWithBindedState2.swift */,
				2287CD4825E82C5000D07DE8 /* RedrawComponents.swift */,
				2287CD4525E8249D00D07DE8 /* RedrawRoot.swift */,
				2287CD4225E81F0B00D07DE8 /* TestRedrawView.swift */,
				2287CD7F25E8448500D07DE8 /* MyCounter.swift */,
				2287CD6125E835A500D07DE8 /* Lists */,
				2287CD8D25E8492600D07DE8 /* DrawingTest.swift */,
			);
			path = PerformanceSwiftUI;
			sourceTree = "<group>";
		};
		22F09EA425E40B400023A807 /* Preview Content */ = {
			isa = PBXGroup;
			children = (
				22F09EA525E40B400023A807 /* Preview Assets.xcassets */,
			);
			path = "Preview Content";
			sourceTree = "<group>";
		};
/* End PBXGroup section */

/* Begin PBXNativeTarget section */
		22F09E9A25E40B3F0023A807 /* PerformanceSwiftUI */ = {
			isa = PBXNativeTarget;
			buildConfigurationList = 22F09EAA25E40B400023A807 /* Build configuration list for PBXNativeTarget "PerformanceSwiftUI" */;
			buildPhases = (
				22F09E9725E40B3F0023A807 /* Sources */,
				22F09E9825E40B3F0023A807 /* Frameworks */,
				22F09E9925E40B3F0023A807 /* Resources */,
			);
			buildRules = (
			);
			dependencies = (
			);
			name = PerformanceSwiftUI;
			packageProductDependencies = (
				22F09EC725E551090023A807 /* FPSCounter */,
			);
			productName = PerformanceSwiftUI;
			productReference = 22F09E9B25E40B3F0023A807 /* PerformanceSwiftUI.app */;
			productType = "com.apple.product-type.application";
		};
/* End PBXNativeTarget section */

/* Begin PBXProject section */
		22F09E9325E40B3F0023A807 /* Project object */ = {
			isa = PBXProject;
			attributes = {
				LastSwiftUpdateCheck = 1220;
				LastUpgradeCheck = 1220;
				TargetAttributes = {
					22F09E9A25E40B3F0023A807 = {
						CreatedOnToolsVersion = 12.2;
					};
				};
			};
			buildConfigurationList = 22F09E9625E40B3F0023A807 /* Build configuration list for PBXProject "PerformanceSwiftUI" */;
			compatibilityVersion = "Xcode 9.3";
			developmentRegion = en;
			hasScannedForEncodings = 0;
			knownRegions = (
				en,
				Base,
			);
			mainGroup = 22F09E9225E40B3F0023A807;
			packageReferences = (
				22F09EC625E551090023A807 /* XCRemoteSwiftPackageReference "fps-counter" */,
			);
			productRefGroup = 22F09E9C25E40B3F0023A807 /* Products */;
			projectDirPath = "";
			projectRoot = "";
			targets = (
				22F09E9A25E40B3F0023A807 /* PerformanceSwiftUI */,
			);
		};
/* End PBXProject section */

/* Begin PBXResourcesBuildPhase section */
		22F09E9925E40B3F0023A807 /* Resources */ = {
			isa = PBXResourcesBuildPhase;
			buildActionMask = 2147483647;
			files = (
				22F09EA625E40B400023A807 /* Preview Assets.xcassets in Resources */,
				22F09EA325E40B400023A807 /* Assets.xcassets in Resources */,
			);
			runOnlyForDeploymentPostprocessing = 0;
		};
/* End PBXResourcesBuildPhase section */

/* Begin PBXSourcesBuildPhase section */
		22F09E9725E40B3F0023A807 /* Sources */ = {
			isa = PBXSourcesBuildPhase;
			buildActionMask = 2147483647;
			files = (
				2287CD6625E83A9E00D07DE8 /* SimpleStringRow.swift in Sources */,
				2287CD5F25E8347000D07DE8 /* List_List.swift in Sources */,
				2296BC7525E6EC2C0007B587 /* ViewWithoutBindedState.swift in Sources */,
				2287CD4325E81F0B00D07DE8 /* TestRedrawView.swift in Sources */,
				2287CD8025E8448500D07DE8 /* MyCounter.swift in Sources */,
				22F09E9F25E40B3F0023A807 /* PerformanceSwiftUIApp.swift in Sources */,
				2296BC7825E6EDB20007B587 /* SamplesView.swift in Sources */,
				2287CD6325E8372D00D07DE8 /* TestList.swift in Sources */,
				2287CD4625E8249D00D07DE8 /* RedrawRoot.swift in Sources */,
				2287CD6F25E83F2600D07DE8 /* StringRowWithBindingEquatable.swift in Sources */,
				2287CD4E25E8329B00D07DE8 /* List_VStack.swift in Sources */,
				22ACAF8625F3B83A00965393 /* ViewWithoutBindedState2.swift in Sources */,
				2296BC8125E714800007B587 /* ViewWithBindedState2.swift in Sources */,
				2287CD8E25E8492600D07DE8 /* DrawingTest.swift in Sources */,
				2287CD5C25E8344500D07DE8 /* List_LazyVStack.swift in Sources */,
				2287CD6925E83D6C00D07DE8 /* SimpleStringRowEquatable.swift in Sources */,
				2287CD6C25E83F0700D07DE8 /* StringRowWithBinding.swift in Sources */,
				2287CD7D25E843F200D07DE8 /* LazyView.swift in Sources */,
				22ACAF8B25F3D4D600965393 /* SwitchView.swift in Sources */,
				2287CD5525E833B200D07DE8 /* IntRow.swift in Sources */,
				2287CD4925E82C5000D07DE8 /* RedrawComponents.swift in Sources */,
				2296BC7C25E6F5600007B587 /* ViewWithBindedState.swift in Sources */,
			);
			runOnlyForDeploymentPostprocessing = 0;
		};
/* End PBXSourcesBuildPhase section */

/* Begin XCBuildConfiguration section */
		22F09EA825E40B400023A807 /* Debug */ = {
			isa = XCBuildConfiguration;
			buildSettings = {
				ALWAYS_SEARCH_USER_PATHS = NO;
				CLANG_ANALYZER_NONNULL = YES;
				CLANG_ANALYZER_NUMBER_OBJECT_CONVERSION = YES_AGGRESSIVE;
				CLANG_CXX_LANGUAGE_STANDARD = "gnu++14";
				CLANG_CXX_LIBRARY = "libc++";
				CLANG_ENABLE_MODULES = YES;
				CLANG_ENABLE_OBJC_ARC = YES;
				CLANG_ENABLE_OBJC_WEAK = YES;
				CLANG_WARN_BLOCK_CAPTURE_AUTORELEASING = YES;
				CLANG_WARN_BOOL_CONVERSION = YES;
				CLANG_WARN_COMMA = YES;
				CLANG_WARN_CONSTANT_CONVERSION = YES;
				CLANG_WARN_DEPRECATED_OBJC_IMPLEMENTATIONS = YES;
				CLANG_WARN_DIRECT_OBJC_ISA_USAGE = YES_ERROR;
				CLANG_WARN_DOCUMENTATION_COMMENTS = YES;
				CLANG_WARN_EMPTY_BODY = YES;
				CLANG_WARN_ENUM_CONVERSION = YES;
				CLANG_WARN_INFINITE_RECURSION = YES;
				CLANG_WARN_INT_CONVERSION = YES;
				CLANG_WARN_NON_LITERAL_NULL_CONVERSION = YES;
				CLANG_WARN_OBJC_IMPLICIT_RETAIN_SELF = YES;
				CLANG_WARN_OBJC_LITERAL_CONVERSION = YES;
				CLANG_WARN_OBJC_ROOT_CLASS = YES_ERROR;
				CLANG_WARN_QUOTED_INCLUDE_IN_FRAMEWORK_HEADER = YES;
				CLANG_WARN_RANGE_LOOP_ANALYSIS = YES;
				CLANG_WARN_STRICT_PROTOTYPES = YES;
				CLANG_WARN_SUSPICIOUS_MOVE = YES;
				CLANG_WARN_UNGUARDED_AVAILABILITY = YES_AGGRESSIVE;
				CLANG_WARN_UNREACHABLE_CODE = YES;
				CLANG_WARN__DUPLICATE_METHOD_MATCH = YES;
				COPY_PHASE_STRIP = NO;
				DEBUG_INFORMATION_FORMAT = dwarf;
				ENABLE_STRICT_OBJC_MSGSEND = YES;
				ENABLE_TESTABILITY = YES;
				GCC_C_LANGUAGE_STANDARD = gnu11;
				GCC_DYNAMIC_NO_PIC = NO;
				GCC_NO_COMMON_BLOCKS = YES;
				GCC_OPTIMIZATION_LEVEL = 0;
				GCC_PREPROCESSOR_DEFINITIONS = (
					"DEBUG=1",
					"$(inherited)",
				);
				GCC_WARN_64_TO_32_BIT_CONVERSION = YES;
				GCC_WARN_ABOUT_RETURN_TYPE = YES_ERROR;
				GCC_WARN_UNDECLARED_SELECTOR = YES;
				GCC_WARN_UNINITIALIZED_AUTOS = YES_AGGRESSIVE;
				GCC_WARN_UNUSED_FUNCTION = YES;
				GCC_WARN_UNUSED_VARIABLE = YES;
				IPHONEOS_DEPLOYMENT_TARGET = 14.2;
				MTL_ENABLE_DEBUG_INFO = INCLUDE_SOURCE;
				MTL_FAST_MATH = YES;
				ONLY_ACTIVE_ARCH = YES;
				SDKROOT = iphoneos;
				SWIFT_ACTIVE_COMPILATION_CONDITIONS = DEBUG;
				SWIFT_OPTIMIZATION_LEVEL = "-Onone";
			};
			name = Debug;
		};
		22F09EA925E40B400023A807 /* Release */ = {
			isa = XCBuildConfiguration;
			buildSettings = {
				ALWAYS_SEARCH_USER_PATHS = NO;
				CLANG_ANALYZER_NONNULL = YES;
				CLANG_ANALYZER_NUMBER_OBJECT_CONVERSION = YES_AGGRESSIVE;
				CLANG_CXX_LANGUAGE_STANDARD = "gnu++14";
				CLANG_CXX_LIBRARY = "libc++";
				CLANG_ENABLE_MODULES = YES;
				CLANG_ENABLE_OBJC_ARC = YES;
				CLANG_ENABLE_OBJC_WEAK = YES;
				CLANG_WARN_BLOCK_CAPTURE_AUTORELEASING = YES;
				CLANG_WARN_BOOL_CONVERSION = YES;
				CLANG_WARN_COMMA = YES;
				CLANG_WARN_CONSTANT_CONVERSION = YES;
				CLANG_WARN_DEPRECATED_OBJC_IMPLEMENTATIONS = YES;
				CLANG_WARN_DIRECT_OBJC_ISA_USAGE = YES_ERROR;
				CLANG_WARN_DOCUMENTATION_COMMENTS = YES;
				CLANG_WARN_EMPTY_BODY = YES;
				CLANG_WARN_ENUM_CONVERSION = YES;
				CLANG_WARN_INFINITE_RECURSION = YES;
				CLANG_WARN_INT_CONVERSION = YES;
				CLANG_WARN_NON_LITERAL_NULL_CONVERSION = YES;
				CLANG_WARN_OBJC_IMPLICIT_RETAIN_SELF = YES;
				CLANG_WARN_OBJC_LITERAL_CONVERSION = YES;
				CLANG_WARN_OBJC_ROOT_CLASS = YES_ERROR;
				CLANG_WARN_QUOTED_INCLUDE_IN_FRAMEWORK_HEADER = YES;
				CLANG_WARN_RANGE_LOOP_ANALYSIS = YES;
				CLANG_WARN_STRICT_PROTOTYPES = YES;
				CLANG_WARN_SUSPICIOUS_MOVE = YES;
				CLANG_WARN_UNGUARDED_AVAILABILITY = YES_AGGRESSIVE;
				CLANG_WARN_UNREACHABLE_CODE = YES;
				CLANG_WARN__DUPLICATE_METHOD_MATCH = YES;
				COPY_PHASE_STRIP = NO;
				DEBUG_INFORMATION_FORMAT = "dwarf-with-dsym";
				ENABLE_NS_ASSERTIONS = NO;
				ENABLE_STRICT_OBJC_MSGSEND = YES;
				GCC_C_LANGUAGE_STANDARD = gnu11;
				GCC_NO_COMMON_BLOCKS = YES;
				GCC_WARN_64_TO_32_BIT_CONVERSION = YES;
				GCC_WARN_ABOUT_RETURN_TYPE = YES_ERROR;
				GCC_WARN_UNDECLARED_SELECTOR = YES;
				GCC_WARN_UNINITIALIZED_AUTOS = YES_AGGRESSIVE;
				GCC_WARN_UNUSED_FUNCTION = YES;
				GCC_WARN_UNUSED_VARIABLE = YES;
				IPHONEOS_DEPLOYMENT_TARGET = 14.2;
				MTL_ENABLE_DEBUG_INFO = NO;
				MTL_FAST_MATH = YES;
				SDKROOT = iphoneos;
				SWIFT_COMPILATION_MODE = wholemodule;
				SWIFT_OPTIMIZATION_LEVEL = "-O";
				VALIDATE_PRODUCT = YES;
			};
			name = Release;
		};
		22F09EAB25E40B400023A807 /* Debug */ = {
			isa = XCBuildConfiguration;
			buildSettings = {
				ASSETCATALOG_COMPILER_APPICON_NAME = AppIcon;
				ASSETCATALOG_COMPILER_GLOBAL_ACCENT_COLOR_NAME = AccentColor;
				CODE_SIGN_STYLE = Automatic;
				DEVELOPMENT_ASSET_PATHS = "\"PerformanceSwiftUI/Preview Content\"";
				DEVELOPMENT_TEAM = 6DCGF532XT;
				ENABLE_PREVIEWS = YES;
				INFOPLIST_FILE = PerformanceSwiftUI/Info.plist;
				IPHONEOS_DEPLOYMENT_TARGET = 14.0;
				LD_RUNPATH_SEARCH_PATHS = (
					"$(inherited)",
					"@executable_path/Frameworks",
				);
				PRODUCT_BUNDLE_IDENTIFIER = com.sparklone.PerformanceSwiftUI;
				PRODUCT_NAME = "$(TARGET_NAME)";
				SWIFT_VERSION = 5.0;
				TARGETED_DEVICE_FAMILY = "1,2";
			};
			name = Debug;
		};
		22F09EAC25E40B400023A807 /* Release */ = {
			isa = XCBuildConfiguration;
			buildSettings = {
				ASSETCATALOG_COMPILER_APPICON_NAME = AppIcon;
				ASSETCATALOG_COMPILER_GLOBAL_ACCENT_COLOR_NAME = AccentColor;
				CODE_SIGN_STYLE = Automatic;
				DEVELOPMENT_ASSET_PATHS = "\"PerformanceSwiftUI/Preview Content\"";
				DEVELOPMENT_TEAM = 6DCGF532XT;
				ENABLE_PREVIEWS = YES;
				INFOPLIST_FILE = PerformanceSwiftUI/Info.plist;
				IPHONEOS_DEPLOYMENT_TARGET = 14.0;
				LD_RUNPATH_SEARCH_PATHS = (
					"$(inherited)",
					"@executable_path/Frameworks",
				);
				PRODUCT_BUNDLE_IDENTIFIER = com.sparklone.PerformanceSwiftUI;
				PRODUCT_NAME = "$(TARGET_NAME)";
				SWIFT_VERSION = 5.0;
				TARGETED_DEVICE_FAMILY = "1,2";
			};
			name = Release;
		};
/* End XCBuildConfiguration section */

/* Begin XCConfigurationList section */
		22F09E9625E40B3F0023A807 /* Build configuration list for PBXProject "PerformanceSwiftUI" */ = {
			isa = XCConfigurationList;
			buildConfigurations = (
				22F09EA825E40B400023A807 /* Debug */,
				22F09EA925E40B400023A807 /* Release */,
			);
			defaultConfigurationIsVisible = 0;
			defaultConfigurationName = Release;
		};
		22F09EAA25E40B400023A807 /* Build configuration list for PBXNativeTarget "PerformanceSwiftUI" */ = {
			isa = XCConfigurationList;
			buildConfigurations = (
				22F09EAB25E40B400023A807 /* Debug */,
				22F09EAC25E40B400023A807 /* Release */,
			);
			defaultConfigurationIsVisible = 0;
			defaultConfigurationName = Release;
		};
/* End XCConfigurationList section */

/* Begin XCRemoteSwiftPackageReference section */
		22F09EC625E551090023A807 /* XCRemoteSwiftPackageReference "fps-counter" */ = {
			isa = XCRemoteSwiftPackageReference;
			repositoryURL = "https://github.com/konoma/fps-counter/";
			requirement = {
				kind = upToNextMajorVersion;
				minimumVersion = 4.1.0;
			};
		};
/* End XCRemoteSwiftPackageReference section */

/* Begin XCSwiftPackageProductDependency section */
		22F09EC725E551090023A807 /* FPSCounter */ = {
			isa = XCSwiftPackageProductDependency;
			package = 22F09EC625E551090023A807 /* XCRemoteSwiftPackageReference "fps-counter" */;
			productName = FPSCounter;
		};
/* End XCSwiftPackageProductDependency section */
	};
	rootObject = 22F09E9325E40B3F0023A807 /* Project object */;
}
